
Microsoft Visual Studio Solution File, Format Version 12.00
# Visual Studio Version 17
VisualStudioVersion = 17.3.32922.545
MinimumVisualStudioVersion = 10.0.40219.1
Project("{FAE04EC0-301F-11D3-BF4B-00C04F79EFBC}") = "AfakProject", "AfakProject\AfakProject.csproj", "{36EB673F-86F1-4800-9B49-199ACD981847}"
EndProject
Project("{FAE04EC0-301F-11D3-BF4B-00C04F79EFBC}") = "AfakProject.Data", "AfakProject.Data\AfakProject.Data.csproj", "{228CFD94-22F8-495C-B252-144E39E0DDDA}"
EndProject
Project("{FAE04EC0-301F-11D3-BF4B-00C04F79EFBC}") = "Afak.Service", "Afak.Service\Afak.Service.csproj", "{68287898-98B5-4D95-A0A2-B769B810B2F8}"
EndProject
Global
	GlobalSection(SolutionConfigurationPlatforms) = preSolution
		Debug|Any CPU = Debug|Any CPU
		Release|Any CPU = Release|Any CPU
	EndGlobalSection
	GlobalSection(ProjectConfigurationPlatforms) = postSolution
		{36EB673F-86F1-4800-9B49-199ACD981847}.Debug|Any CPU.ActiveCfg = Debug|Any CPU
		{36EB673F-86F1-4800-9B49-199ACD981847}.Debug|Any CPU.Build.0 = Debug|Any CPU
		{36EB673F-86F1-4800-9B49-199ACD981847}.Release|Any CPU.ActiveCfg = Release|Any CPU
		{36EB673F-86F1-4800-9B49-199ACD981847}.Release|Any CPU.Build.0 = Release|Any CPU
		{228CFD94-22F8-495C-B252-144E39E0DDDA}.Debug|Any CPU.ActiveCfg = Debug|Any CPU
		{228CFD94-22F8-495C-B252-144E39E0DDDA}.Debug|Any CPU.Build.0 = Debug|Any CPU
		{228CFD94-22F8-495C-B252-144E39E0DDDA}.Release|Any CPU.ActiveCfg = Release|Any CPU
		{228CFD94-22F8-495C-B252-144E39E0DDDA}.Release|Any CPU.Build.0 = Release|Any CPU
		{68287898-98B5-4D95-A0A2-B769B810B2F8}.Debug|Any CPU.ActiveCfg = Debug|Any CPU
		{68287898-98B5-4D95-A0A2-B769B810B2F8}.Debug|Any CPU.Build.0 = Debug|Any CPU
		{68287898-98B5-4D95-A0A2-B769B810B2F8}.Release|Any CPU.ActiveCfg = Release|Any CPU
		{68287898-98B5-4D95-A0A2-B769B810B2F8}.Release|Any CPU.Build.0 = Release|Any CPU
	EndGlobalSection
	GlobalSection(SolutionProperties) = preSolution
		HideSolutionNode = FALSE
	EndGlobalSection
	GlobalSection(ExtensibilityGlobals) = postSolution
		SolutionGuid = {1DBBAD45-79DE-428A-8936-EA961F33BDA1}
	EndGlobalSection
EndGlobal
